
Microsoft Visual Studio Solution File, Format Version 12.00
# Visual Studio Version 17
VisualStudioVersion = 17.14.36109.1 d17.14
MinimumVisualStudioVersion = 10.0.40219.1
Project("{FAE04EC0-301F-11D3-BF4B-00C04F79EFBC}") = "F.L.A.M.E", "F.L.A.M.E.csproj", "{ED48E8C8-8D6F-4034-934F-7D7275335760}"
EndProject
Global
	GlobalSection(SolutionConfigurationPlatforms) = preSolution
		Debug|Any CPU = Debug|Any CPU
		Release|Any CPU = Release|Any CPU
	EndGlobalSection
	GlobalSection(ProjectConfigurationPlatforms) = postSolution
		{ED48E8C8-8D6F-4034-934F-7D7275335760}.Debug|Any CPU.ActiveCfg = Debug|Any CPU
		{ED48E8C8-8D6F-4034-934F-7D7275335760}.Debug|Any CPU.Build.0 = Debug|Any CPU
		{ED48E8C8-8D6F-4034-934F-7D7275335760}.Release|Any CPU.ActiveCfg = Release|Any CPU
		{ED48E8C8-8D6F-4034-934F-7D7275335760}.Release|Any CPU.Build.0 = Release|Any CPU
	EndGlobalSection
	GlobalSection(SolutionProperties) = preSolution
		HideSolutionNode = FALSE
	EndGlobalSection
	GlobalSection(ExtensibilityGlobals) = postSolution
		SolutionGuid = {E4F1FD9D-6021-4363-8DF6-A27D235BEF13}
	EndGlobalSection
EndGlobal
